{
    "_readme": [
        "This file locks the dependencies of your project to a known state",
        "Read more about it at https://getcomposer.org/doc/01-basic-usage.md#composer-lock-the-lock-file",
        "This file is @generated automatically"
    ],
    "hash": "bb9a0b07698ca4ca1014d6a2c2ff5df2",
    "content-hash": "ce81762767229f631fe16648cee0b680",
    "packages": [
        {
            "name": "composer/installers",
            "version": "v1.0.25",
            "source": {
                "type": "git",
                "url": "https://github.com/composer/installers.git",
                "reference": "36e5b5843203d7f1cf6ffb0305a97e014387bd8e"
            },
            "dist": {
                "type": "zip",
                "url": "https://api.github.com/repos/composer/installers/zipball/36e5b5843203d7f1cf6ffb0305a97e014387bd8e",
                "reference": "36e5b5843203d7f1cf6ffb0305a97e014387bd8e",
                "shasum": ""
            },
            "require": {
                "composer-plugin-api": "^1.0"
            },
            "replace": {
                "roundcube/plugin-installer": "*",
                "shama/baton": "*"
            },
            "require-dev": {
                "composer/composer": "1.0.*@dev",
                "phpunit/phpunit": "4.1.*"
            },
            "type": "composer-plugin",
            "extra": {
                "class": "Composer\\Installers\\Plugin",
                "branch-alias": {
                    "dev-master": "1.0-dev"
                }
            },
            "autoload": {
                "psr-4": {
                    "Composer\\Installers\\": "src/Composer/Installers"
                }
            },
            "notification-url": "https://packagist.org/downloads/",
            "license": [
                "MIT"
            ],
            "authors": [
                {
                    "name": "Kyle Robinson Young",
                    "email": "kyle@dontkry.com",
                    "homepage": "https://github.com/shama"
                }
            ],
            "description": "A multi-framework Composer library installer",
            "homepage": "https://composer.github.io/installers/",
            "keywords": [
                "Craft",
                "Dolibarr",
                "Hurad",
                "ImageCMS",
                "MODX Evo",
                "Mautic",
                "OXID",
                "SMF",
                "Thelia",
                "WolfCMS",
                "agl",
                "aimeos",
                "annotatecms",
                "bitrix",
                "cakephp",
                "chef",
                "codeigniter",
                "concrete5",
                "croogo",
                "dokuwiki",
                "drupal",
                "elgg",
                "fuelphp",
                "grav",
                "installer",
                "joomla",
                "kohana",
                "laravel",
                "lithium",
                "magento",
                "mako",
                "mediawiki",
                "modulework",
                "moodle",
                "phpbb",
                "piwik",
                "ppi",
                "puppet",
                "roundcube",
                "shopware",
                "silverstripe",
                "symfony",
                "typo3",
                "wordpress",
                "zend",
                "zikula"
            ],
            "time": "2016-04-13 19:46:30"
        },
        {
            "name": "crodas/languagedetector",
            "version": "v0.1.1",
            "source": {
                "type": "git",
                "url": "https://github.com/crodas/LanguageDetector.git",
                "reference": "07aa8bb806cb71fe4e4352c12232a5c74bf416ed"
            },
            "dist": {
                "type": "zip",
                "url": "https://api.github.com/repos/crodas/LanguageDetector/zipball/07aa8bb806cb71fe4e4352c12232a5c74bf416ed",
                "reference": "07aa8bb806cb71fe4e4352c12232a5c74bf416ed",
                "shasum": ""
            },
            "require-dev": {
                "crodas/autoloader": "~0.1"
            },
            "type": "library",
            "autoload": {
                "psr-0": {
                    "LanguageDetector": "lib/"
                }
            },
            "notification-url": "https://packagist.org/downloads/",
            "license": [
                "BSD-4-Clause"
            ],
            "authors": [
                {
                    "name": "César D. Rodas",
                    "email": "crodas@php.net"
                }
            ],
            "description": "simple library to classify texts",
            "time": "2013-11-06 01:26:03"
        },
        {
            "name": "crodas/text-rank",
            "version": "dev-master",
            "source": {
                "type": "git",
                "url": "https://github.com/crodas/TextRank.git",
                "reference": "8c113c5b0cae3eeb853891ef5afdf27d678a5940"
            },
            "dist": {
                "type": "zip",
                "url": "https://api.github.com/repos/crodas/TextRank/zipball/8c113c5b0cae3eeb853891ef5afdf27d678a5940",
                "reference": "8c113c5b0cae3eeb853891ef5afdf27d678a5940",
                "shasum": ""
            },
            "require": {
                "crodas/languagedetector": "~0.1",
                "ext-mbstring": "*"
            },
            "suggest": {
                "ext-stem": "Improves keywords selection"
            },
            "type": "library",
            "autoload": {
                "classmap": [
                    "lib/"
                ]
            },
            "notification-url": "https://packagist.org/downloads/",
            "authors": [
                {
                    "name": "César D. Rodas",
                    "email": "crodas@php.net"
                }
            ],
            "description": "Extract relevant keywords from a given text",
            "time": "2013-12-08 07:56:52"
        }
    ],
    "packages-dev": [],
    "aliases": [],
    "minimum-stability": "stable",
    "stability-flags": {
        "crodas/text-rank": 20
    },
    "prefer-stable": false,
    "prefer-lowest": false,
    "platform": [],
    "platform-dev": []
}
